
Microsoft Visual Studio Solution File, Format Version 12.00
# Visual Studio 14
VisualStudioVersion = 14.0.25420.1
MinimumVisualStudioVersion = 10.0.40219.1
Project("{FAE04EC0-301F-11D3-BF4B-00C04F79EFBC}") = "ConsoleRPGGame", "ConsoleRPGGame\ConsoleRPGGame.csproj", "{AE98E4DD-C070-4D47-B0E5-E56A360A2945}"
EndProject
Project("{FAE04EC0-301F-11D3-BF4B-00C04F79EFBC}") = "ConsoleRPGBusinessLayer", "ConsoleRPGGameBusinessLayer\ConsoleRPGBusinessLayer.csproj", "{39B7132A-6ABC-440D-8992-767DE6DA21B5}"
EndProject
Project("{FAE04EC0-301F-11D3-BF4B-00C04F79EFBC}") = "ConsoleRPGGameDataLayer", "ConsoleRPGGameDataLayer\ConsoleRPGGameDataLayer.csproj", "{977FB8A9-42E1-4EE8-BC2F-351AB449086D}"
EndProject
Global
	GlobalSection(SolutionConfigurationPlatforms) = preSolution
		Debug|Any CPU = Debug|Any CPU
		Release|Any CPU = Release|Any CPU
	EndGlobalSection
	GlobalSection(ProjectConfigurationPlatforms) = postSolution
		{AE98E4DD-C070-4D47-B0E5-E56A360A2945}.Debug|Any CPU.ActiveCfg = Debug|Any CPU
		{AE98E4DD-C070-4D47-B0E5-E56A360A2945}.Debug|Any CPU.Build.0 = Debug|Any CPU
		{AE98E4DD-C070-4D47-B0E5-E56A360A2945}.Release|Any CPU.ActiveCfg = Release|Any CPU
		{AE98E4DD-C070-4D47-B0E5-E56A360A2945}.Release|Any CPU.Build.0 = Release|Any CPU
		{39B7132A-6ABC-440D-8992-767DE6DA21B5}.Debug|Any CPU.ActiveCfg = Debug|Any CPU
		{39B7132A-6ABC-440D-8992-767DE6DA21B5}.Debug|Any CPU.Build.0 = Debug|Any CPU
		{39B7132A-6ABC-440D-8992-767DE6DA21B5}.Release|Any CPU.ActiveCfg = Release|Any CPU
		{39B7132A-6ABC-440D-8992-767DE6DA21B5}.Release|Any CPU.Build.0 = Release|Any CPU
		{977FB8A9-42E1-4EE8-BC2F-351AB449086D}.Debug|Any CPU.ActiveCfg = Debug|Any CPU
		{977FB8A9-42E1-4EE8-BC2F-351AB449086D}.Debug|Any CPU.Build.0 = Debug|Any CPU
		{977FB8A9-42E1-4EE8-BC2F-351AB449086D}.Release|Any CPU.ActiveCfg = Release|Any CPU
		{977FB8A9-42E1-4EE8-BC2F-351AB449086D}.Release|Any CPU.Build.0 = Release|Any CPU
	EndGlobalSection
	GlobalSection(SolutionProperties) = preSolution
		HideSolutionNode = FALSE
	EndGlobalSection
EndGlobal
